{
  "name": "@singleware/i18n",
  "version": "1.0.0",
  "lockfileVersion": 1,
  "requires": true,
  "dependencies": {
    "@singleware/class": {
      "version": "1.1.19",
      "resolved": "https://registry.npmjs.org/@singleware/class/-/class-1.1.19.tgz",
      "integrity": "sha512-WDZ+FF8Y+HCMvO3FDbl1id2AT/1GK96DQsg4ukmK3ESqudppbXXVzQe7UdaQJFpWw8yBifm+zAucUgGufXtQiQ=="
    },
    "@singleware/jsx": {
      "version": "1.0.29",
      "resolved": "https://registry.npmjs.org/@singleware/jsx/-/jsx-1.0.29.tgz",
      "integrity": "sha512-ssXBr2avzzSP4JWfSV781TnhX9pownImVykiAJGYTmzKAgXZPjj8ufmkqs8jt93OexZF3LIAElOoxORt3ZX4wQ==",
      "requires": {
        "@singleware/class": "^1.1.14"
      }
    },
    "@singleware/testing": {
      "version": "1.0.1",
      "resolved": "https://registry.npmjs.org/@singleware/testing/-/testing-1.0.1.tgz",
      "integrity": "sha512-eei5h/rnSRGWaaeUtinAOdfy6oOOY7v7XLbp7uLt4wQap5Yejk+Xfe6nXJxI/abWX7g4fyn9WJgQ+rNlvNqA4g==",
      "dev": true,
      "requires": {
        "@singleware/class": "^1.1.19"
      }
    },
    "@types/node": {
      "version": "11.15.5",
      "resolved": "https://registry.npmjs.org/@types/node/-/node-11.15.5.tgz",
      "integrity": "sha512-rqXbkoHWqRWdw9ncT3GqKL7OSm77QGOf4/cJPinoeLEzpErdKQZlpwJApETuDtecW55UDJpugnSMkbffh68geA==",
      "dev": true
    },
    "prettier": {
      "version": "1.19.1",
      "resolved": "https://registry.npmjs.org/prettier/-/prettier-1.19.1.tgz",
      "integrity": "sha512-s7PoyDv/II1ObgQunCbB9PdLmUcBZcnWOcxDh7O0N/UwDEsHyqkW+Qh28jW+mVuCdx7gLB0BotYI1Y6uI9iyew==",
      "dev": true
    },
    "typescript": {
      "version": "3.7.5",
      "resolved": "https://registry.npmjs.org/typescript/-/typescript-3.7.5.tgz",
      "integrity": "sha512-/P5lkRXkWHNAbcJIiHPfRoKqyd7bsyCma1hZNUGfn20qm64T6ZBlrzprymeu918H+mB/0rIg2gGK/BXkhhYgBw==",
      "dev": true
    }
  }
}
